
Microsoft Visual Studio Solution File, Format Version 12.00
# Visual Studio Version 17
VisualStudioVersion = 17.0.31903.59
MinimumVisualStudioVersion = 10.0.40219.1
Project("{FAE04EC0-301F-11D3-BF4B-00C04F79EFBC}") = "Final Project", "..\Final Project.csproj", "{F56CAC2D-B388-4BDC-8EE0-F85E290484BD}"
EndProject
Global
	GlobalSection(SolutionConfigurationPlatforms) = preSolution
		Debug|Any CPU = Debug|Any CPU
		Release|Any CPU = Release|Any CPU
	EndGlobalSection
	GlobalSection(SolutionProperties) = preSolution
		HideSolutionNode = FALSE
	EndGlobalSection
	GlobalSection(ProjectConfigurationPlatforms) = postSolution
		{F56CAC2D-B388-4BDC-8EE0-F85E290484BD}.Debug|Any CPU.ActiveCfg = Debug|Any CPU
		{F56CAC2D-B388-4BDC-8EE0-F85E290484BD}.Debug|Any CPU.Build.0 = Debug|Any CPU
		{F56CAC2D-B388-4BDC-8EE0-F85E290484BD}.Release|Any CPU.ActiveCfg = Release|Any CPU
		{F56CAC2D-B388-4BDC-8EE0-F85E290484BD}.Release|Any CPU.Build.0 = Release|Any CPU
	EndGlobalSection
EndGlobal
